Microsoft Visual Studio Solution File, Format Version 12.00
# Visual Studio Version 16
VisualStudioVersion = 16.0.30309.148
MinimumVisualStudioVersion = 10.0.40219.1
Project("{9A19103F-16F7-4668-BE54-9A1E7A4F7556}") = "LeninSearch", "LeninSearch\LeninSearch.csproj", "{E8A67884-51B9-4B56-9604-62D8BC02E38A}"
EndProject
Project("{2150E333-8FDC-42A3-9474-1A3956D46DE8}") = "corpus", "corpus", "{C0B2BE78-DFE8-4F60-9222-A6ED9EDFDD34}"
EndProject
Project("{9A19103F-16F7-4668-BE54-9A1E7A4F7556}") = "LeninSearch.Standard.Core", "LeninSearch.Standard.Core\LeninSearch.Standard.Core.csproj", "{0BC475E1-73AB-4CB9-9F88-DE866FA9F6F5}"
EndProject
Project("{9A19103F-16F7-4668-BE54-9A1E7A4F7556}") = "LeninSearch.Xam", "LeninSearch.Xam\LeninSearch.Xam\LeninSearch.Xam.csproj", "{3988BB60-64FC-48C0-88C7-38D7026AC15F}"
EndProject
Project("{FAE04EC0-301F-11D3-BF4B-00C04F79EFBC}") = "LeninSearch.Xam.Android", "LeninSearch.Xam\LeninSearch.Xam.Android\LeninSearch.Xam.Android.csproj", "{358AF114-8822-41B1-B60D-B841DCEA1B49}"
EndProject
Project("{9A19103F-16F7-4668-BE54-9A1E7A4F7556}") = "LeninSearch.Standard.Core.Tests", "LeninSearch.Standard.Core.Tests\LeninSearch.Standard.Core.Tests.csproj", "{2AE1BBA5-D325-4192-87C6-D1EB8A750EE8}"
EndProject
Project("{2150E333-8FDC-42A3-9474-1A3956D46DE8}") = "Solution Items", "Solution Items", "{902D36E4-DA1C-42C0-8C37-A810CFB00D7B}"
	ProjectSection(SolutionItems) = preProject
		sign.txt = sign.txt
	EndProjectSection
EndProject
Project("{9A19103F-16F7-4668-BE54-9A1E7A4F7556}") = "LeninSearch.Api", "LeninSearch.Api\LeninSearch.Api.csproj", "{55654FF6-423C-4FED-98A5-F6EFDC45BAB7}"
EndProject
Project("{9A19103F-16F7-4668-BE54-9A1E7A4F7556}") = "LeninSearch.Api.Health", "LeninSearch.Api.Health\LeninSearch.Api.Health.csproj", "{0AD79AE5-B3E1-400E-BA22-017B1ABC3ED0}"
EndProject
Project("{9A19103F-16F7-4668-BE54-9A1E7A4F7556}") = "LeninSearch.YtEditor", "LeninSearch.YtEditor\LeninSearch.YtEditor.csproj", "{7355617E-AF44-4D1A-9287-DDE0410DF568}"
EndProject
Project("{FAE04EC0-301F-11D3-BF4B-00C04F79EFBC}") = "LeninSearch.Script", "LeninSearch.Script\LeninSearch.Script.csproj", "{4835BB6E-1FEC-437F-9464-3D2EB175C921}"
EndProject
Global
	GlobalSection(SolutionConfigurationPlatforms) = preSolution
		Debug|Any CPU = Debug|Any CPU
		Debug|x86 = Debug|x86
		Release|Any CPU = Release|Any CPU
		Release|x86 = Release|x86
	EndGlobalSection
	GlobalSection(ProjectConfigurationPlatforms) = postSolution
		{E8A67884-51B9-4B56-9604-62D8BC02E38A}.Debug|Any CPU.ActiveCfg = Debug|Any CPU
		{E8A67884-51B9-4B56-9604-62D8BC02E38A}.Debug|Any CPU.Build.0 = Debug|Any CPU
		{E8A67884-51B9-4B56-9604-62D8BC02E38A}.Debug|x86.ActiveCfg = Debug|Any CPU
		{E8A67884-51B9-4B56-9604-62D8BC02E38A}.Debug|x86.Build.0 = Debug|Any CPU
		{E8A67884-51B9-4B56-9604-62D8BC02E38A}.Release|Any CPU.ActiveCfg = Release|Any CPU
		{E8A67884-51B9-4B56-9604-62D8BC02E38A}.Release|Any CPU.Build.0 = Release|Any CPU
		{E8A67884-51B9-4B56-9604-62D8BC02E38A}.Release|x86.ActiveCfg = Release|Any CPU
		{E8A67884-51B9-4B56-9604-62D8BC02E38A}.Release|x86.Build.0 = Release|Any CPU
		{0BC475E1-73AB-4CB9-9F88-DE866FA9F6F5}.Debug|Any CPU.ActiveCfg = Debug|Any CPU
		{0BC475E1-73AB-4CB9-9F88-DE866FA9F6F5}.Debug|Any CPU.Build.0 = Debug|Any CPU
		{0BC475E1-73AB-4CB9-9F88-DE866FA9F6F5}.Debug|x86.ActiveCfg = Debug|Any CPU
		{0BC475E1-73AB-4CB9-9F88-DE866FA9F6F5}.Debug|x86.Build.0 = Debug|Any CPU
		{0BC475E1-73AB-4CB9-9F88-DE866FA9F6F5}.Release|Any CPU.ActiveCfg = Release|Any CPU
		{0BC475E1-73AB-4CB9-9F88-DE866FA9F6F5}.Release|Any CPU.Build.0 = Release|Any CPU
		{0BC475E1-73AB-4CB9-9F88-DE866FA9F6F5}.Release|x86.ActiveCfg = Release|Any CPU
		{0BC475E1-73AB-4CB9-9F88-DE866FA9F6F5}.Release|x86.Build.0 = Release|Any CPU
		{3988BB60-64FC-48C0-88C7-38D7026AC15F}.Debug|Any CPU.ActiveCfg = Debug|Any CPU
		{3988BB60-64FC-48C0-88C7-38D7026AC15F}.Debug|Any CPU.Build.0 = Debug|Any CPU
		{3988BB60-64FC-48C0-88C7-38D7026AC15F}.Debug|x86.ActiveCfg = Debug|Any CPU
		{3988BB60-64FC-48C0-88C7-38D7026AC15F}.Debug|x86.Build.0 = Debug|Any CPU
		{3988BB60-64FC-48C0-88C7-38D7026AC15F}.Release|Any CPU.ActiveCfg = Release|Any CPU
		{3988BB60-64FC-48C0-88C7-38D7026AC15F}.Release|Any CPU.Build.0 = Release|Any CPU
		{3988BB60-64FC-48C0-88C7-38D7026AC15F}.Release|x86.ActiveCfg = Release|Any CPU
		{3988BB60-64FC-48C0-88C7-38D7026AC15F}.Release|x86.Build.0 = Release|Any CPU
		{358AF114-8822-41B1-B60D-B841DCEA1B49}.Debug|Any CPU.ActiveCfg = Debug|Any CPU
		{358AF114-8822-41B1-B60D-B841DCEA1B49}.Debug|Any CPU.Build.0 = Debug|Any CPU
		{358AF114-8822-41B1-B60D-B841DCEA1B49}.Debug|Any CPU.Deploy.0 = Debug|Any CPU
		{358AF114-8822-41B1-B60D-B841DCEA1B49}.Debug|x86.ActiveCfg = Debug|Any CPU
		{358AF114-8822-41B1-B60D-B841DCEA1B49}.Debug|x86.Build.0 = Debug|Any CPU
		{358AF114-8822-41B1-B60D-B841DCEA1B49}.Debug|x86.Deploy.0 = Debug|Any CPU
		{358AF114-8822-41B1-B60D-B841DCEA1B49}.Release|Any CPU.ActiveCfg = Release|Any CPU
		{358AF114-8822-41B1-B60D-B841DCEA1B49}.Release|Any CPU.Build.0 = Release|Any CPU
		{358AF114-8822-41B1-B60D-B841DCEA1B49}.Release|Any CPU.Deploy.0 = Release|Any CPU
		{358AF114-8822-41B1-B60D-B841DCEA1B49}.Release|x86.ActiveCfg = Release|Any CPU
		{358AF114-8822-41B1-B60D-B841DCEA1B49}.Release|x86.Build.0 = Release|Any CPU
		{358AF114-8822-41B1-B60D-B841DCEA1B49}.Release|x86.Deploy.0 = Release|Any CPU
		{2AE1BBA5-D325-4192-87C6-D1EB8A750EE8}.Debug|Any CPU.ActiveCfg = Debug|Any CPU
		{2AE1BBA5-D325-4192-87C6-D1EB8A750EE8}.Debug|Any CPU.Build.0 = Debug|Any CPU
		{2AE1BBA5-D325-4192-87C6-D1EB8A750EE8}.Debug|x86.ActiveCfg = Debug|Any CPU
		{2AE1BBA5-D325-4192-87C6-D1EB8A750EE8}.Debug|x86.Build.0 = Debug|Any CPU
		{2AE1BBA5-D325-4192-87C6-D1EB8A750EE8}.Release|Any CPU.ActiveCfg = Release|Any CPU
		{2AE1BBA5-D325-4192-87C6-D1EB8A750EE8}.Release|Any CPU.Build.0 = Release|Any CPU
		{2AE1BBA5-D325-4192-87C6-D1EB8A750EE8}.Release|x86.ActiveCfg = Release|Any CPU
		{2AE1BBA5-D325-4192-87C6-D1EB8A750EE8}.Release|x86.Build.0 = Release|Any CPU
		{55654FF6-423C-4FED-98A5-F6EFDC45BAB7}.Debug|Any CPU.ActiveCfg = Debug|Any CPU
		{55654FF6-423C-4FED-98A5-F6EFDC45BAB7}.Debug|Any CPU.Build.0 = Debug|Any CPU
		{55654FF6-423C-4FED-98A5-F6EFDC45BAB7}.Debug|x86.ActiveCfg = Debug|Any CPU
		{55654FF6-423C-4FED-98A5-F6EFDC45BAB7}.Debug|x86.Build.0 = Debug|Any CPU
		{55654FF6-423C-4FED-98A5-F6EFDC45BAB7}.Release|Any CPU.ActiveCfg = Release|Any CPU
		{55654FF6-423C-4FED-98A5-F6EFDC45BAB7}.Release|Any CPU.Build.0 = Release|Any CPU
		{55654FF6-423C-4FED-98A5-F6EFDC45BAB7}.Release|x86.ActiveCfg = Release|Any CPU
		{55654FF6-423C-4FED-98A5-F6EFDC45BAB7}.Release|x86.Build.0 = Release|Any CPU
		{0AD79AE5-B3E1-400E-BA22-017B1ABC3ED0}.Debug|Any CPU.ActiveCfg = Debug|Any CPU
		{0AD79AE5-B3E1-400E-BA22-017B1ABC3ED0}.Debug|Any CPU.Build.0 = Debug|Any CPU
		{0AD79AE5-B3E1-400E-BA22-017B1ABC3ED0}.Debug|x86.ActiveCfg = Debug|Any CPU
		{0AD79AE5-B3E1-400E-BA22-017B1ABC3ED0}.Debug|x86.Build.0 = Debug|Any CPU
		{0AD79AE5-B3E1-400E-BA22-017B1ABC3ED0}.Release|Any CPU.ActiveCfg = Release|Any CPU
		{0AD79AE5-B3E1-400E-BA22-017B1ABC3ED0}.Release|Any CPU.Build.0 = Release|Any CPU
		{0AD79AE5-B3E1-400E-BA22-017B1ABC3ED0}.Release|x86.ActiveCfg = Release|Any CPU
		{0AD79AE5-B3E1-400E-BA22-017B1ABC3ED0}.Release|x86.Build.0 = Release|Any CPU
		{7355617E-AF44-4D1A-9287-DDE0410DF568}.Debug|Any CPU.ActiveCfg = Debug|Any CPU
		{7355617E-AF44-4D1A-9287-DDE0410DF568}.Debug|Any CPU.Build.0 = Debug|Any CPU
		{7355617E-AF44-4D1A-9287-DDE0410DF568}.Debug|x86.ActiveCfg = Debug|Any CPU
		{7355617E-AF44-4D1A-9287-DDE0410DF568}.Debug|x86.Build.0 = Debug|Any CPU
		{7355617E-AF44-4D1A-9287-DDE0410DF568}.Release|Any CPU.ActiveCfg = Release|Any CPU
		{7355617E-AF44-4D1A-9287-DDE0410DF568}.Release|Any CPU.Build.0 = Release|Any CPU
		{7355617E-AF44-4D1A-9287-DDE0410DF568}.Release|x86.ActiveCfg = Release|Any CPU
		{7355617E-AF44-4D1A-9287-DDE0410DF568}.Release|x86.Build.0 = Release|Any CPU
		{4835BB6E-1FEC-437F-9464-3D2EB175C921}.Debug|Any CPU.ActiveCfg = Debug|Any CPU
		{4835BB6E-1FEC-437F-9464-3D2EB175C921}.Debug|Any CPU.Build.0 = Debug|Any CPU
		{4835BB6E-1FEC-437F-9464-3D2EB175C921}.Debug|x86.ActiveCfg = Debug|Any CPU
		{4835BB6E-1FEC-437F-9464-3D2EB175C921}.Debug|x86.Build.0 = Debug|Any CPU
		{4835BB6E-1FEC-437F-9464-3D2EB175C921}.Release|Any CPU.ActiveCfg = Release|Any CPU
		{4835BB6E-1FEC-437F-9464-3D2EB175C921}.Release|Any CPU.Build.0 = Release|Any CPU
		{4835BB6E-1FEC-437F-9464-3D2EB175C921}.Release|x86.ActiveCfg = Release|Any CPU
		{4835BB6E-1FEC-437F-9464-3D2EB175C921}.Release|x86.Build.0 = Release|Any CPU
	EndGlobalSection
	GlobalSection(SolutionProperties) = preSolution
		HideSolutionNode = FALSE
	EndGlobalSection
	GlobalSection(ExtensibilityGlobals) = postSolution
		SolutionGuid = {27A69325-2595-45B4-A1D9-4525BB5ED08E}
	EndGlobalSection
EndGlobal
